// !$*UTF8*$!
{
	archiveVersion = 1;
	classes = {
	};
	objectVersion = 55;
	objects = {

/* Begin PBXBuildFile section */
		4E0950F228BFBB8A00CE347C /* MasterViewController.swift in Sources */ = {isa = PBXBuildFile; fileRef = 4E0950F128BFBB8A00CE347C /* MasterViewController.swift */; };
		4E3EEEF0290048C30086180A /* ScoreResult.swift in Sources */ = {isa = PBXBuildFile; fileRef = 4E3EEEEF290048C30086180A /* ScoreResult.swift */; };
		4E6728DE28E203370094DB5B /* ConfigurationViewController.swift in Sources */ = {isa = PBXBuildFile; fileRef = 4E6728DD28E203370094DB5B /* ConfigurationViewController.swift */; };
		4E6A618828CAB30C000FFA6A /* Model.xcdatamodeld in Sources */ = {isa = PBXBuildFile; fileRef = 4E6A618628CAB30C000FFA6A /* Model.xcdatamodeld */; };
		4E7C8C1228FDDCFB008C0CED /* Model.sqlite in Resources */ = {isa = PBXBuildFile; fileRef = 4E7C8C0F28FDDCFA008C0CED /* Model.sqlite */; };
		4E7C8C1328FDDCFB008C0CED /* Model.sqlite-shm in Resources */ = {isa = PBXBuildFile; fileRef = 4E7C8C1028FDDCFB008C0CED /* Model.sqlite-shm */; };
		4E7C8C1428FDDCFB008C0CED /* Model.sqlite-wal in Resources */ = {isa = PBXBuildFile; fileRef = 4E7C8C1128FDDCFB008C0CED /* Model.sqlite-wal */; };
		4E8DE3D728BD544300DF5DED /* AppDelegate.swift in Sources */ = {isa = PBXBuildFile; fileRef = 4E8DE3D628BD544300DF5DED /* AppDelegate.swift */; };
		4E8DE3D928BD544300DF5DED /* SceneDelegate.swift in Sources */ = {isa = PBXBuildFile; fileRef = 4E8DE3D828BD544300DF5DED /* SceneDelegate.swift */; };
		4E8DE3DB28BD544300DF5DED /* MenuViewController.swift in Sources */ = {isa = PBXBuildFile; fileRef = 4E8DE3DA28BD544300DF5DED /* MenuViewController.swift */; };
		4E8DE3DE28BD544300DF5DED /* Main.storyboard in Resources */ = {isa = PBXBuildFile; fileRef = 4E8DE3DC28BD544300DF5DED /* Main.storyboard */; };
		4E8DE3E328BD544A00DF5DED /* Assets.xcassets in Resources */ = {isa = PBXBuildFile; fileRef = 4E8DE3E228BD544A00DF5DED /* Assets.xcassets */; };
		4E8DE3E628BD544A00DF5DED /* LaunchScreen.storyboard in Resources */ = {isa = PBXBuildFile; fileRef = 4E8DE3E428BD544A00DF5DED /* LaunchScreen.storyboard */; };
		4E8DE3F128BD544B00DF5DED /* TopWordsTests.swift in Sources */ = {isa = PBXBuildFile; fileRef = 4E8DE3F028BD544B00DF5DED /* TopWordsTests.swift */; };
		4E8DE3FB28BD544B00DF5DED /* TopWordsUITests.swift in Sources */ = {isa = PBXBuildFile; fileRef = 4E8DE3FA28BD544B00DF5DED /* TopWordsUITests.swift */; };
		4E8DE3FD28BD544B00DF5DED /* TopWordsUITestsLaunchTests.swift in Sources */ = {isa = PBXBuildFile; fileRef = 4E8DE3FC28BD544B00DF5DED /* TopWordsUITestsLaunchTests.swift */; };
		4E8DE41328BD8A6100DF5DED /* ScoreViewController.swift in Sources */ = {isa = PBXBuildFile; fileRef = 4E8DE41228BD8A6100DF5DED /* ScoreViewController.swift */; };
		4E8DE41528BD8FF800DF5DED /* PlayCompareController.swift in Sources */ = {isa = PBXBuildFile; fileRef = 4E8DE41428BD8FF800DF5DED /* PlayCompareController.swift */; };
		4EA8259028C18F1E000EAE90 /* DataAccessController.swift in Sources */ = {isa = PBXBuildFile; fileRef = 4EA8258F28C18F1E000EAE90 /* DataAccessController.swift */; };
		4EA8259228C18F35000EAE90 /* AnimationsController.swift in Sources */ = {isa = PBXBuildFile; fileRef = 4EA8259128C18F35000EAE90 /* AnimationsController.swift */; };
		4EAAF16828DBC8A30052C72F /* ResultsCell.swift in Sources */ = {isa = PBXBuildFile; fileRef = 4EAAF16628DBC8A30052C72F /* ResultsCell.swift */; };
		4EAAF16928DBC8A30052C72F /* ResultsCell.xib in Resources */ = {isa = PBXBuildFile; fileRef = 4EAAF16728DBC8A30052C72F /* ResultsCell.xib */; };
		4EEABE7128BE603300C55A83 /* Constants.swift in Sources */ = {isa = PBXBuildFile; fileRef = 4EEABE7028BE603300C55A83 /* Constants.swift */; };
		4EEABE7328BE668000C55A83 /* PlayCardsController.swift in Sources */ = {isa = PBXBuildFile; fileRef = 4EEABE7228BE668000C55A83 /* PlayCardsController.swift */; };
/* End PBXBuildFile section */

/* Begin PBXContainerItemProxy section */
		4E8DE3ED28BD544B00DF5DED /* PBXContainerItemProxy */ = {
			isa = PBXContainerItemProxy;
			containerPortal = 4E8DE3CB28BD544300DF5DED /* Project object */;
			proxyType = 1;
			remoteGlobalIDString = 4E8DE3D228BD544300DF5DED;
			remoteInfo = TopWords;
		};
		4E8DE3F728BD544B00DF5DED /* PBXContainerItemProxy */ = {
			isa = PBXContainerItemProxy;
			containerPortal = 4E8DE3CB28BD544300DF5DED /* Project object */;
			proxyType = 1;
			remoteGlobalIDString = 4E8DE3D228BD544300DF5DED;
			remoteInfo = TopWords;
		};
/* End PBXContainerItemProxy section */

/* Begin PBXFileReference section */
		4E0950F128BFBB8A00CE347C /* MasterViewController.swift */ = {isa = PBXFileReference; lastKnownFileType = sourcecode.swift; path = MasterViewController.swift; sourceTree = "<group>"; };
		4E3EEEEF290048C30086180A /* ScoreResult.swift */ = {isa = PBXFileReference; lastKnownFileType = sourcecode.swift; path = ScoreResult.swift; sourceTree = "<group>"; };
		4E6728DD28E203370094DB5B /* ConfigurationViewController.swift */ = {isa = PBXFileReference; lastKnownFileType = sourcecode.swift; path = ConfigurationViewController.swift; sourceTree = "<group>"; };
		4E6A618728CAB30C000FFA6A /* Model.xcdatamodel */ = {isa = PBXFileReference; lastKnownFileType = wrapper.xcdatamodel; path = Model.xcdatamodel; sourceTree = "<group>"; };
		4E7C8C0F28FDDCFA008C0CED /* Model.sqlite */ = {isa = PBXFileReference; lastKnownFileType = file; name = Model.sqlite; path = ../../../../../Desktop/Data/Model.sqlite; sourceTree = "<group>"; };
		4E7C8C1028FDDCFB008C0CED /* Model.sqlite-shm */ = {isa = PBXFileReference; lastKnownFileType = file; name = "Model.sqlite-shm"; path = "../../../../../Desktop/Data/Model.sqlite-shm"; sourceTree = "<group>"; };
		4E7C8C1128FDDCFB008C0CED /* Model.sqlite-wal */ = {isa = PBXFileReference; lastKnownFileType = file; name = "Model.sqlite-wal"; path = "../../../../../Desktop/Data/Model.sqlite-wal"; sourceTree = "<group>"; };
		4E8DE3D328BD544300DF5DED /* TopWords.app */ = {isa = PBXFileReference; explicitFileType = wrapper.application; includeInIndex = 0; path = TopWords.app; sourceTree = BUILT_PRODUCTS_DIR; };
		4E8DE3D628BD544300DF5DED /* AppDelegate.swift */ = {isa = PBXFileReference; lastKnownFileType = sourcecode.swift; path = AppDelegate.swift; sourceTree = "<group>"; };
		4E8DE3D828BD544300DF5DED /* SceneDelegate.swift */ = {isa = PBXFileReference; lastKnownFileType = sourcecode.swift; path = SceneDelegate.swift; sourceTree = "<group>"; };
		4E8DE3DA28BD544300DF5DED /* MenuViewController.swift */ = {isa = PBXFileReference; lastKnownFileType = sourcecode.swift; path = MenuViewController.swift; sourceTree = "<group>"; };
		4E8DE3DD28BD544300DF5DED /* Base */ = {isa = PBXFileReference; lastKnownFileType = file.storyboard; name = Base; path = Base.lproj/Main.storyboard; sourceTree = "<group>"; };
		4E8DE3E228BD544A00DF5DED /* Assets.xcassets */ = {isa = PBXFileReference; lastKnownFileType = folder.assetcatalog; path = Assets.xcassets; sourceTree = "<group>"; };
		4E8DE3E528BD544A00DF5DED /* Base */ = {isa = PBXFileReference; lastKnownFileType = file.storyboard; name = Base; path = Base.lproj/LaunchScreen.storyboard; sourceTree = "<group>"; };
		4E8DE3E728BD544A00DF5DED /* Info.plist */ = {isa = PBXFileReference; lastKnownFileType = text.plist.xml; path = Info.plist; sourceTree = "<group>"; };
		4E8DE3EC28BD544B00DF5DED /* TopWordsTests.xctest */ = {isa = PBXFileReference; explicitFileType = wrapper.cfbundle; includeInIndex = 0; path = TopWordsTests.xctest; sourceTree = BUILT_PRODUCTS_DIR; };
		4E8DE3F028BD544B00DF5DED /* TopWordsTests.swift */ = {isa = PBXFileReference; lastKnownFileType = sourcecode.swift; path = TopWordsTests.swift; sourceTree = "<group>"; };
		4E8DE3F628BD544B00DF5DED /* TopWordsUITests.xctest */ = {isa = PBXFileReference; explicitFileType = wrapper.cfbundle; includeInIndex = 0; path = TopWordsUITests.xctest; sourceTree = BUILT_PRODUCTS_DIR; };
		4E8DE3FA28BD544B00DF5DED /* TopWordsUITests.swift */ = {isa = PBXFileReference; lastKnownFileType = sourcecode.swift; path = TopWordsUITests.swift; sourceTree = "<group>"; };
		4E8DE3FC28BD544B00DF5DED /* TopWordsUITestsLaunchTests.swift */ = {isa = PBXFileReference; lastKnownFileType = sourcecode.swift; path = TopWordsUITestsLaunchTests.swift; sourceTree = "<group>"; };
		4E8DE41228BD8A6100DF5DED /* ScoreViewController.swift */ = {isa = PBXFileReference; lastKnownFileType = sourcecode.swift; path = ScoreViewController.swift; sourceTree = "<group>"; };
		4E8DE41428BD8FF800DF5DED /* PlayCompareController.swift */ = {isa = PBXFileReference; lastKnownFileType = sourcecode.swift; path = PlayCompareController.swift; sourceTree = "<group>"; };
		4EA8258F28C18F1E000EAE90 /* DataAccessController.swift */ = {isa = PBXFileReference; lastKnownFileType = sourcecode.swift; path = DataAccessController.swift; sourceTree = "<group>"; };
		4EA8259128C18F35000EAE90 /* AnimationsController.swift */ = {isa = PBXFileReference; lastKnownFileType = sourcecode.swift; path = AnimationsController.swift; sourceTree = "<group>"; };
		4EAAF16628DBC8A30052C72F /* ResultsCell.swift */ = {isa = PBXFileReference; lastKnownFileType = sourcecode.swift; path = ResultsCell.swift; sourceTree = "<group>"; };
		4EAAF16728DBC8A30052C72F /* ResultsCell.xib */ = {isa = PBXFileReference; lastKnownFileType = file.xib; path = ResultsCell.xib; sourceTree = "<group>"; };
		4EEABE7028BE603300C55A83 /* Constants.swift */ = {isa = PBXFileReference; lastKnownFileType = sourcecode.swift; path = Constants.swift; sourceTree = "<group>"; };
		4EEABE7228BE668000C55A83 /* PlayCardsController.swift */ = {isa = PBXFileReference; lastKnownFileType = sourcecode.swift; path = PlayCardsController.swift; sourceTree = "<group>"; };
/* End PBXFileReference section */

/* Begin PBXFrameworksBuildPhase section */
		4E8DE3D028BD544300DF5DED /* Frameworks */ = {
			isa = PBXFrameworksBuildPhase;
			buildActionMask = 2147483647;
			files = (
			);
			runOnlyForDeploymentPostprocessing = 0;
		};
		4E8DE3E928BD544B00DF5DED /* Frameworks */ = {
			isa = PBXFrameworksBuildPhase;
			buildActionMask = 2147483647;
			files = (
			);
			runOnlyForDeploymentPostprocessing = 0;
		};
		4E8DE3F328BD544B00DF5DED /* Frameworks */ = {
			isa = PBXFrameworksBuildPhase;
			buildActionMask = 2147483647;
			files = (
			);
			runOnlyForDeploymentPostprocessing = 0;
		};
/* End PBXFrameworksBuildPhase section */

/* Begin PBXGroup section */
		4E6A618128CA9FB7000FFA6A /* DataModel */ = {
			isa = PBXGroup;
			children = (
				4E6A618628CAB30C000FFA6A /* Model.xcdatamodeld */,
			);
			path = DataModel;
			sourceTree = "<group>";
		};
		4E6A618228CA9FE9000FFA6A /* Supporting Files */ = {
			isa = PBXGroup;
			children = (
				4E8DE3E228BD544A00DF5DED /* Assets.xcassets */,
				4E8DE3E428BD544A00DF5DED /* LaunchScreen.storyboard */,
			);
			path = "Supporting Files";
			sourceTree = "<group>";
		};
		4E8DE3CA28BD544300DF5DED = {
			isa = PBXGroup;
			children = (
				4E8DE3D528BD544300DF5DED /* TopWords */,
				4E8DE3EF28BD544B00DF5DED /* TopWordsTests */,
				4E8DE3F928BD544B00DF5DED /* TopWordsUITests */,
				4E8DE3D428BD544300DF5DED /* Products */,
			);
			sourceTree = "<group>";
		};
		4E8DE3D428BD544300DF5DED /* Products */ = {
			isa = PBXGroup;
			children = (
				4E8DE3D328BD544300DF5DED /* TopWords.app */,
				4E8DE3EC28BD544B00DF5DED /* TopWordsTests.xctest */,
				4E8DE3F628BD544B00DF5DED /* TopWordsUITests.xctest */,
			);
			name = Products;
			sourceTree = "<group>";
		};
		4E8DE3D528BD544300DF5DED /* TopWords */ = {
			isa = PBXGroup;
			children = (
				4E8DE3D628BD544300DF5DED /* AppDelegate.swift */,
				4EEABE7028BE603300C55A83 /* Constants.swift */,
				4E8DE3D828BD544300DF5DED /* SceneDelegate.swift */,
				4E8DE3E728BD544A00DF5DED /* Info.plist */,
				4E96E94C28FDD8DA00422F68 /* Data */,
				4E6A618228CA9FE9000FFA6A /* Supporting Files */,
				4E6A618128CA9FB7000FFA6A /* DataModel */,
				4E8DE40928BD5A6E00DF5DED /* Views */,
				4E8DE41628BD900E00DF5DED /* Controllers */,
			);
			path = TopWords;
			sourceTree = "<group>";
		};
		4E8DE3EF28BD544B00DF5DED /* TopWordsTests */ = {
			isa = PBXGroup;
			children = (
				4E8DE3F028BD544B00DF5DED /* TopWordsTests.swift */,
			);
			path = TopWordsTests;
			sourceTree = "<group>";
		};
		4E8DE3F928BD544B00DF5DED /* TopWordsUITests */ = {
			isa = PBXGroup;
			children = (
				4E8DE3FA28BD544B00DF5DED /* TopWordsUITests.swift */,
				4E8DE3FC28BD544B00DF5DED /* TopWordsUITestsLaunchTests.swift */,
			);
			path = TopWordsUITests;
			sourceTree = "<group>";
		};
		4E8DE40928BD5A6E00DF5DED /* Views */ = {
			isa = PBXGroup;
			children = (
				4E8DE3DC28BD544300DF5DED /* Main.storyboard */,
				4EAAF16628DBC8A30052C72F /* ResultsCell.swift */,
				4EAAF16728DBC8A30052C72F /* ResultsCell.xib */,
			);
			path = Views;
			sourceTree = "<group>";
		};
		4E8DE41628BD900E00DF5DED /* Controllers */ = {
			isa = PBXGroup;
			children = (
				4E3EEEEF290048C30086180A /* ScoreResult.swift */,
				4E8DE41228BD8A6100DF5DED /* ScoreViewController.swift */,
				4E6728DD28E203370094DB5B /* ConfigurationViewController.swift */,
				4EA8258F28C18F1E000EAE90 /* DataAccessController.swift */,
				4E8DE3DA28BD544300DF5DED /* MenuViewController.swift */,
				4E0950F128BFBB8A00CE347C /* MasterViewController.swift */,
				4EEABE7228BE668000C55A83 /* PlayCardsController.swift */,
				4E8DE41428BD8FF800DF5DED /* PlayCompareController.swift */,
				4EA8259128C18F35000EAE90 /* AnimationsController.swift */,
			);
			path = Controllers;
			sourceTree = "<group>";
		};
		4E96E94C28FDD8DA00422F68 /* Data */ = {
			isa = PBXGroup;
			children = (
				4E7C8C0F28FDDCFA008C0CED /* Model.sqlite */,
				4E7C8C1028FDDCFB008C0CED /* Model.sqlite-shm */,
				4E7C8C1128FDDCFB008C0CED /* Model.sqlite-wal */,
			);
			path = Data;
			sourceTree = "<group>";
		};
/* End PBXGroup section */

/* Begin PBXNativeTarget section */
		4E8DE3D228BD544300DF5DED /* TopWords */ = {
			isa = PBXNativeTarget;
			buildConfigurationList = 4E8DE40028BD544B00DF5DED /* Build configuration list for PBXNativeTarget "TopWords" */;
			buildPhases = (
				4E8DE3CF28BD544300DF5DED /* Sources */,
				4E8DE3D028BD544300DF5DED /* Frameworks */,
				4E8DE3D128BD544300DF5DED /* Resources */,
			);
			buildRules = (
			);
			dependencies = (
			);
			name = TopWords;
			productName = TopWords;
			productReference = 4E8DE3D328BD544300DF5DED /* TopWords.app */;
			productType = "com.apple.product-type.application";
		};
		4E8DE3EB28BD544B00DF5DED /* TopWordsTests */ = {
			isa = PBXNativeTarget;
			buildConfigurationList = 4E8DE40328BD544B00DF5DED /* Build configuration list for PBXNativeTarget "TopWordsTests" */;
			buildPhases = (
				4E8DE3E828BD544B00DF5DED /* Sources */,
				4E8DE3E928BD544B00DF5DED /* Frameworks */,
				4E8DE3EA28BD544B00DF5DED /* Resources */,
			);
			buildRules = (
			);
			dependencies = (
				4E8DE3EE28BD544B00DF5DED /* PBXTargetDependency */,
			);
			name = TopWordsTests;
			productName = TopWordsTests;
			productReference = 4E8DE3EC28BD544B00DF5DED /* TopWordsTests.xctest */;
			productType = "com.apple.product-type.bundle.unit-test";
		};
		4E8DE3F528BD544B00DF5DED /* TopWordsUITests */ = {
			isa = PBXNativeTarget;
			buildConfigurationList = 4E8DE40628BD544B00DF5DED /* Build configuration list for PBXNativeTarget "TopWordsUITests" */;
			buildPhases = (
				4E8DE3F228BD544B00DF5DED /* Sources */,
				4E8DE3F328BD544B00DF5DED /* Frameworks */,
				4E8DE3F428BD544B00DF5DED /* Resources */,
			);
			buildRules = (
			);
			dependencies = (
				4E8DE3F828BD544B00DF5DED /* PBXTargetDependency */,
			);
			name = TopWordsUITests;
			productName = TopWordsUITests;
			productReference = 4E8DE3F628BD544B00DF5DED /* TopWordsUITests.xctest */;
			productType = "com.apple.product-type.bundle.ui-testing";
		};
/* End PBXNativeTarget section */

/* Begin PBXProject section */
		4E8DE3CB28BD544300DF5DED /* Project object */ = {
			isa = PBXProject;
			attributes = {
				BuildIndependentTargetsInParallel = 1;
				LastSwiftUpdateCheck = 1340;
				LastUpgradeCheck = 1340;
				TargetAttributes = {
					4E8DE3D228BD544300DF5DED = {
						CreatedOnToolsVersion = 13.4.1;
					};
					4E8DE3EB28BD544B00DF5DED = {
						CreatedOnToolsVersion = 13.4.1;
						TestTargetID = 4E8DE3D228BD544300DF5DED;
					};
					4E8DE3F528BD544B00DF5DED = {
						CreatedOnToolsVersion = 13.4.1;
						TestTargetID = 4E8DE3D228BD544300DF5DED;
					};
				};
			};
			buildConfigurationList = 4E8DE3CE28BD544300DF5DED /* Build configuration list for PBXProject "TopWords" */;
			compatibilityVersion = "Xcode 13.0";
			developmentRegion = en;
			hasScannedForEncodings = 0;
			knownRegions = (
				en,
				Base,
			);
			mainGroup = 4E8DE3CA28BD544300DF5DED;
			productRefGroup = 4E8DE3D428BD544300DF5DED /* Products */;
			projectDirPath = "";
			projectRoot = "";
			targets = (
				4E8DE3D228BD544300DF5DED /* TopWords */,
				4E8DE3EB28BD544B00DF5DED /* TopWordsTests */,
				4E8DE3F528BD544B00DF5DED /* TopWordsUITests */,
			);
		};
/* End PBXProject section */

/* Begin PBXResourcesBuildPhase section */
		4E8DE3D128BD544300DF5DED /* Resources */ = {
			isa = PBXResourcesBuildPhase;
			buildActionMask = 2147483647;
			files = (
				4E8DE3E628BD544A00DF5DED /* LaunchScreen.storyboard in Resources */,
				4E8DE3E328BD544A00DF5DED /* Assets.xcassets in Resources */,
				4EAAF16928DBC8A30052C72F /* ResultsCell.xib in Resources */,
				4E7C8C1428FDDCFB008C0CED /* Model.sqlite-wal in Resources */,
				4E8DE3DE28BD544300DF5DED /* Main.storyboard in Resources */,
				4E7C8C1328FDDCFB008C0CED /* Model.sqlite-shm in Resources */,
				4E7C8C1228FDDCFB008C0CED /* Model.sqlite in Resources */,
			);
			runOnlyForDeploymentPostprocessing = 0;
		};
		4E8DE3EA28BD544B00DF5DED /* Resources */ = {
			isa = PBXResourcesBuildPhase;
			buildActionMask = 2147483647;
			files = (
			);
			runOnlyForDeploymentPostprocessing = 0;
		};
		4E8DE3F428BD544B00DF5DED /* Resources */ = {
			isa = PBXResourcesBuildPhase;
			buildActionMask = 2147483647;
			files = (
			);
			runOnlyForDeploymentPostprocessing = 0;
		};
/* End PBXResourcesBuildPhase section */

/* Begin PBXSourcesBuildPhase section */
		4E8DE3CF28BD544300DF5DED /* Sources */ = {
			isa = PBXSourcesBuildPhase;
			buildActionMask = 2147483647;
			files = (
				4E6A618828CAB30C000FFA6A /* Model.xcdatamodeld in Sources */,
				4E3EEEF0290048C30086180A /* ScoreResult.swift in Sources */,
				4E8DE3DB28BD544300DF5DED /* MenuViewController.swift in Sources */,
				4E8DE3D728BD544300DF5DED /* AppDelegate.swift in Sources */,
				4E8DE3D928BD544300DF5DED /* SceneDelegate.swift in Sources */,
				4EA8259028C18F1E000EAE90 /* DataAccessController.swift in Sources */,
				4E6728DE28E203370094DB5B /* ConfigurationViewController.swift in Sources */,
				4E8DE41528BD8FF800DF5DED /* PlayCompareController.swift in Sources */,
				4E8DE41328BD8A6100DF5DED /* ScoreViewController.swift in Sources */,
				4E0950F228BFBB8A00CE347C /* MasterViewController.swift in Sources */,
				4EA8259228C18F35000EAE90 /* AnimationsController.swift in Sources */,
				4EEABE7128BE603300C55A83 /* Constants.swift in Sources */,
				4EAAF16828DBC8A30052C72F /* ResultsCell.swift in Sources */,
				4EEABE7328BE668000C55A83 /* PlayCardsController.swift in Sources */,
			);
			runOnlyForDeploymentPostprocessing = 0;
		};
		4E8DE3E828BD544B00DF5DED /* Sources */ = {
			isa = PBXSourcesBuildPhase;
			buildActionMask = 2147483647;
			files = (
				4E8DE3F128BD544B00DF5DED /* TopWordsTests.swift in Sources */,
			);
			runOnlyForDeploymentPostprocessing = 0;
		};
		4E8DE3F228BD544B00DF5DED /* Sources */ = {
			isa = PBXSourcesBuildPhase;
			buildActionMask = 2147483647;
			files = (
				4E8DE3FD28BD544B00DF5DED /* TopWordsUITestsLaunchTests.swift in Sources */,
				4E8DE3FB28BD544B00DF5DED /* TopWordsUITests.swift in Sources */,
			);
			runOnlyForDeploymentPostprocessing = 0;
		};
/* End PBXSourcesBuildPhase section */

/* Begin PBXTargetDependency section */
		4E8DE3EE28BD544B00DF5DED /* PBXTargetDependency */ = {
			isa = PBXTargetDependency;
			target = 4E8DE3D228BD544300DF5DED /* TopWords */;
			targetProxy = 4E8DE3ED28BD544B00DF5DED /* PBXContainerItemProxy */;
		};
		4E8DE3F828BD544B00DF5DED /* PBXTargetDependency */ = {
			isa = PBXTargetDependency;
			target = 4E8DE3D228BD544300DF5DED /* TopWords */;
			targetProxy = 4E8DE3F728BD544B00DF5DED /* PBXContainerItemProxy */;
		};
/* End PBXTargetDependency section */

/* Begin PBXVariantGroup section */
		4E8DE3DC28BD544300DF5DED /* Main.storyboard */ = {
			isa = PBXVariantGroup;
			children = (
				4E8DE3DD28BD544300DF5DED /* Base */,
			);
			name = Main.storyboard;
			sourceTree = "<group>";
		};
		4E8DE3E428BD544A00DF5DED /* LaunchScreen.storyboard */ = {
			isa = PBXVariantGroup;
			children = (
				4E8DE3E528BD544A00DF5DED /* Base */,
			);
			name = LaunchScreen.storyboard;
			sourceTree = "<group>";
		};
/* End PBXVariantGroup section */

/* Begin XCBuildConfiguration section */
		4E8DE3FE28BD544B00DF5DED /* Debug */ = {
			isa = XCBuildConfiguration;
			buildSettings = {
				ALWAYS_SEARCH_USER_PATHS = NO;
				CLANG_ANALYZER_NONNULL = YES;
				CLANG_ANALYZER_NUMBER_OBJECT_CONVERSION = YES_AGGRESSIVE;
				CLANG_CXX_LANGUAGE_STANDARD = "gnu++17";
				CLANG_ENABLE_MODULES = YES;
				CLANG_ENABLE_OBJC_ARC = YES;
				CLANG_ENABLE_OBJC_WEAK = YES;
				CLANG_WARN_BLOCK_CAPTURE_AUTORELEASING = YES;
				CLANG_WARN_BOOL_CONVERSION = YES;
				CLANG_WARN_COMMA = YES;
				CLANG_WARN_CONSTANT_CONVERSION = YES;
				CLANG_WARN_DEPRECATED_OBJC_IMPLEMENTATIONS = YES;
				CLANG_WARN_DIRECT_OBJC_ISA_USAGE = YES_ERROR;
				CLANG_WARN_DOCUMENTATION_COMMENTS = YES;
				CLANG_WARN_EMPTY_BODY = YES;
				CLANG_WARN_ENUM_CONVERSION = YES;
				CLANG_WARN_INFINITE_RECURSION = YES;
				CLANG_WARN_INT_CONVERSION = YES;
				CLANG_WARN_NON_LITERAL_NULL_CONVERSION = YES;
				CLANG_WARN_OBJC_IMPLICIT_RETAIN_SELF = YES;
				CLANG_WARN_OBJC_LITERAL_CONVERSION = YES;
				CLANG_WARN_OBJC_ROOT_CLASS = YES_ERROR;
				CLANG_WARN_QUOTED_INCLUDE_IN_FRAMEWORK_HEADER = YES;
				CLANG_WARN_RANGE_LOOP_ANALYSIS = YES;
				CLANG_WARN_STRICT_PROTOTYPES = YES;
				CLANG_WARN_SUSPICIOUS_MOVE = YES;
				CLANG_WARN_UNGUARDED_AVAILABILITY = YES_AGGRESSIVE;
				CLANG_WARN_UNREACHABLE_CODE = YES;
				CLANG_WARN__DUPLICATE_METHOD_MATCH = YES;
				COPY_PHASE_STRIP = NO;
				DEBUG_INFORMATION_FORMAT = dwarf;
				ENABLE_STRICT_OBJC_MSGSEND = YES;
				ENABLE_TESTABILITY = YES;
				GCC_C_LANGUAGE_STANDARD = gnu11;
				GCC_DYNAMIC_NO_PIC = NO;
				GCC_NO_COMMON_BLOCKS = YES;
				GCC_OPTIMIZATION_LEVEL = 0;
				GCC_PREPROCESSOR_DEFINITIONS = (
					"DEBUG=1",
					"$(inherited)",
				);
				GCC_WARN_64_TO_32_BIT_CONVERSION = YES;
				GCC_WARN_ABOUT_RETURN_TYPE = YES_ERROR;
				GCC_WARN_UNDECLARED_SELECTOR = YES;
				GCC_WARN_UNINITIALIZED_AUTOS = YES_AGGRESSIVE;
				GCC_WARN_UNUSED_FUNCTION = YES;
				GCC_WARN_UNUSED_VARIABLE = YES;
				IPHONEOS_DEPLOYMENT_TARGET = 15.5;
				MTL_ENABLE_DEBUG_INFO = INCLUDE_SOURCE;
				MTL_FAST_MATH = YES;
				ONLY_ACTIVE_ARCH = YES;
				SDKROOT = iphoneos;
				SWIFT_ACTIVE_COMPILATION_CONDITIONS = DEBUG;
				SWIFT_OPTIMIZATION_LEVEL = "-Onone";
			};
			name = Debug;
		};
		4E8DE3FF28BD544B00DF5DED /* Release */ = {
			isa = XCBuildConfiguration;
			buildSettings = {
				ALWAYS_SEARCH_USER_PATHS = NO;
				CLANG_ANALYZER_NONNULL = YES;
				CLANG_ANALYZER_NUMBER_OBJECT_CONVERSION = YES_AGGRESSIVE;
				CLANG_CXX_LANGUAGE_STANDARD = "gnu++17";
				CLANG_ENABLE_MODULES = YES;
				CLANG_ENABLE_OBJC_ARC = YES;
				CLANG_ENABLE_OBJC_WEAK = YES;
				CLANG_WARN_BLOCK_CAPTURE_AUTORELEASING = YES;
				CLANG_WARN_BOOL_CONVERSION = YES;
				CLANG_WARN_COMMA = YES;
				CLANG_WARN_CONSTANT_CONVERSION = YES;
				CLANG_WARN_DEPRECATED_OBJC_IMPLEMENTATIONS = YES;
				CLANG_WARN_DIRECT_OBJC_ISA_USAGE = YES_ERROR;
				CLANG_WARN_DOCUMENTATION_COMMENTS = YES;
				CLANG_WARN_EMPTY_BODY = YES;
				CLANG_WARN_ENUM_CONVERSION = YES;
				CLANG_WARN_INFINITE_RECURSION = YES;
				CLANG_WARN_INT_CONVERSION = YES;
				CLANG_WARN_NON_LITERAL_NULL_CONVERSION = YES;
				CLANG_WARN_OBJC_IMPLICIT_RETAIN_SELF = YES;
				CLANG_WARN_OBJC_LITERAL_CONVERSION = YES;
				CLANG_WARN_OBJC_ROOT_CLASS = YES_ERROR;
				CLANG_WARN_QUOTED_INCLUDE_IN_FRAMEWORK_HEADER = YES;
				CLANG_WARN_RANGE_LOOP_ANALYSIS = YES;
				CLANG_WARN_STRICT_PROTOTYPES = YES;
				CLANG_WARN_SUSPICIOUS_MOVE = YES;
				CLANG_WARN_UNGUARDED_AVAILABILITY = YES_AGGRESSIVE;
				CLANG_WARN_UNREACHABLE_CODE = YES;
				CLANG_WARN__DUPLICATE_METHOD_MATCH = YES;
				COPY_PHASE_STRIP = NO;
				DEBUG_INFORMATION_FORMAT = "dwarf-with-dsym";
				ENABLE_NS_ASSERTIONS = NO;
				ENABLE_STRICT_OBJC_MSGSEND = YES;
				GCC_C_LANGUAGE_STANDARD = gnu11;
				GCC_NO_COMMON_BLOCKS = YES;
				GCC_WARN_64_TO_32_BIT_CONVERSION = YES;
				GCC_WARN_ABOUT_RETURN_TYPE = YES_ERROR;
				GCC_WARN_UNDECLARED_SELECTOR = YES;
				GCC_WARN_UNINITIALIZED_AUTOS = YES_AGGRESSIVE;
				GCC_WARN_UNUSED_FUNCTION = YES;
				GCC_WARN_UNUSED_VARIABLE = YES;
				IPHONEOS_DEPLOYMENT_TARGET = 15.5;
				MTL_ENABLE_DEBUG_INFO = NO;
				MTL_FAST_MATH = YES;
				SDKROOT = iphoneos;
				SWIFT_COMPILATION_MODE = wholemodule;
				SWIFT_OPTIMIZATION_LEVEL = "-O";
				VALIDATE_PRODUCT = YES;
			};
			name = Release;
		};
		4E8DE40128BD544B00DF5DED /* Debug */ = {
			isa = XCBuildConfiguration;
			buildSettings = {
				ASSETCATALOG_COMPILER_APPICON_NAME = AppIcon;
				ASSETCATALOG_COMPILER_GLOBAL_ACCENT_COLOR_NAME = AccentColor;
				CODE_SIGN_STYLE = Automatic;
				CURRENT_PROJECT_VERSION = 1;
				DEVELOPMENT_TEAM = 32ZR2PWF2H;
				GENERATE_INFOPLIST_FILE = YES;
				INFOPLIST_FILE = TopWords/Info.plist;
				INFOPLIST_KEY_UIApplicationSupportsIndirectInputEvents = YES;
				INFOPLIST_KEY_UILaunchStoryboardName = LaunchScreen;
				INFOPLIST_KEY_UIMainStoryboardFile = Main;
				INFOPLIST_KEY_UISupportedInterfaceOrientations_iPad = "UIInterfaceOrientationPortrait UIInterfaceOrientationPortraitUpsideDown UIInterfaceOrientationLandscapeLeft UIInterfaceOrientationLandscapeRight";
				INFOPLIST_KEY_UISupportedInterfaceOrientations_iPhone = "UIInterfaceOrientationPortrait UIInterfaceOrientationLandscapeLeft UIInterfaceOrientationLandscapeRight";
				LD_RUNPATH_SEARCH_PATHS = (
					"$(inherited)",
					"@executable_path/Frameworks",
				);
				MARKETING_VERSION = 1.0;
				PRODUCT_BUNDLE_IDENTIFIER = com.edwar.TopWords;
				PRODUCT_NAME = "$(TARGET_NAME)";
				SWIFT_EMIT_LOC_STRINGS = YES;
				SWIFT_VERSION = 5.0;
				TARGETED_DEVICE_FAMILY = "1,2";
			};
			name = Debug;
		};
		4E8DE40228BD544B00DF5DED /* Release */ = {
			isa = XCBuildConfiguration;
			buildSettings = {
				ASSETCATALOG_COMPILER_APPICON_NAME = AppIcon;
				ASSETCATALOG_COMPILER_GLOBAL_ACCENT_COLOR_NAME = AccentColor;
				CODE_SIGN_STYLE = Automatic;
				CURRENT_PROJECT_VERSION = 1;
				DEVELOPMENT_TEAM = 32ZR2PWF2H;
				GENERATE_INFOPLIST_FILE = YES;
				INFOPLIST_FILE = TopWords/Info.plist;
				INFOPLIST_KEY_UIApplicationSupportsIndirectInputEvents = YES;
				INFOPLIST_KEY_UILaunchStoryboardName = LaunchScreen;
				INFOPLIST_KEY_UIMainStoryboardFile = Main;
				INFOPLIST_KEY_UISupportedInterfaceOrientations_iPad = "UIInterfaceOrientationPortrait UIInterfaceOrientationPortraitUpsideDown UIInterfaceOrientationLandscapeLeft UIInterfaceOrientationLandscapeRight";
				INFOPLIST_KEY_UISupportedInterfaceOrientations_iPhone = "UIInterfaceOrientationPortrait UIInterfaceOrientationLandscapeLeft UIInterfaceOrientationLandscapeRight";
				LD_RUNPATH_SEARCH_PATHS = (
					"$(inherited)",
					"@executable_path/Frameworks",
				);
				MARKETING_VERSION = 1.0;
				PRODUCT_BUNDLE_IDENTIFIER = com.edwar.TopWords;
				PRODUCT_NAME = "$(TARGET_NAME)";
				SWIFT_EMIT_LOC_STRINGS = YES;
				SWIFT_VERSION = 5.0;
				TARGETED_DEVICE_FAMILY = "1,2";
			};
			name = Release;
		};
		4E8DE40428BD544B00DF5DED /* Debug */ = {
			isa = XCBuildConfiguration;
			buildSettings = {
				ALWAYS_EMBED_SWIFT_STANDARD_LIBRARIES = YES;
				BUNDLE_LOADER = "$(TEST_HOST)";
				CODE_SIGN_STYLE = Automatic;
				CURRENT_PROJECT_VERSION = 1;
				DEVELOPMENT_TEAM = 32ZR2PWF2H;
				GENERATE_INFOPLIST_FILE = YES;
				IPHONEOS_DEPLOYMENT_TARGET = 15.5;
				MARKETING_VERSION = 1.0;
				PRODUCT_BUNDLE_IDENTIFIER = com.edwar.TopWordsTests;
				PRODUCT_NAME = "$(TARGET_NAME)";
				SWIFT_EMIT_LOC_STRINGS = NO;
				SWIFT_VERSION = 5.0;
				TARGETED_DEVICE_FAMILY = "1,2";
				TEST_HOST = "$(BUILT_PRODUCTS_DIR)/TopWords.app/TopWords";
			};
			name = Debug;
		};
		4E8DE40528BD544B00DF5DED /* Release */ = {
			isa = XCBuildConfiguration;
			buildSettings = {
				ALWAYS_EMBED_SWIFT_STANDARD_LIBRARIES = YES;
				BUNDLE_LOADER = "$(TEST_HOST)";
				CODE_SIGN_STYLE = Automatic;
				CURRENT_PROJECT_VERSION = 1;
				DEVELOPMENT_TEAM = 32ZR2PWF2H;
				GENERATE_INFOPLIST_FILE = YES;
				IPHONEOS_DEPLOYMENT_TARGET = 15.5;
				MARKETING_VERSION = 1.0;
				PRODUCT_BUNDLE_IDENTIFIER = com.edwar.TopWordsTests;
				PRODUCT_NAME = "$(TARGET_NAME)";
				SWIFT_EMIT_LOC_STRINGS = NO;
				SWIFT_VERSION = 5.0;
				TARGETED_DEVICE_FAMILY = "1,2";
				TEST_HOST = "$(BUILT_PRODUCTS_DIR)/TopWords.app/TopWords";
			};
			name = Release;
		};
		4E8DE40728BD544B00DF5DED /* Debug */ = {
			isa = XCBuildConfiguration;
			buildSettings = {
				ALWAYS_EMBED_SWIFT_STANDARD_LIBRARIES = YES;
				CODE_SIGN_STYLE = Automatic;
				CURRENT_PROJECT_VERSION = 1;
				DEVELOPMENT_TEAM = 32ZR2PWF2H;
				GENERATE_INFOPLIST_FILE = YES;
				MARKETING_VERSION = 1.0;
				PRODUCT_BUNDLE_IDENTIFIER = com.edwar.TopWordsUITests;
				PRODUCT_NAME = "$(TARGET_NAME)";
				SWIFT_EMIT_LOC_STRINGS = NO;
				SWIFT_VERSION = 5.0;
				TARGETED_DEVICE_FAMILY = "1,2";
				TEST_TARGET_NAME = TopWords;
			};
			name = Debug;
		};
		4E8DE40828BD544B00DF5DED /* Release */ = {
			isa = XCBuildConfiguration;
			buildSettings = {
				ALWAYS_EMBED_SWIFT_STANDARD_LIBRARIES = YES;
				CODE_SIGN_STYLE = Automatic;
				CURRENT_PROJECT_VERSION = 1;
				DEVELOPMENT_TEAM = 32ZR2PWF2H;
				GENERATE_INFOPLIST_FILE = YES;
				MARKETING_VERSION = 1.0;
				PRODUCT_BUNDLE_IDENTIFIER = com.edwar.TopWordsUITests;
				PRODUCT_NAME = "$(TARGET_NAME)";
				SWIFT_EMIT_LOC_STRINGS = NO;
				SWIFT_VERSION = 5.0;
				TARGETED_DEVICE_FAMILY = "1,2";
				TEST_TARGET_NAME = TopWords;
			};
			name = Release;
		};
/* End XCBuildConfiguration section */

/* Begin XCConfigurationList section */
		4E8DE3CE28BD544300DF5DED /* Build configuration list for PBXProject "TopWords" */ = {
			isa = XCConfigurationList;
			buildConfigurations = (
				4E8DE3FE28BD544B00DF5DED /* Debug */,
				4E8DE3FF28BD544B00DF5DED /* Release */,
			);
			defaultConfigurationIsVisible = 0;
			defaultConfigurationName = Release;
		};
		4E8DE40028BD544B00DF5DED /* Build configuration list for PBXNativeTarget "TopWords" */ = {
			isa = XCConfigurationList;
			buildConfigurations = (
				4E8DE40128BD544B00DF5DED /* Debug */,
				4E8DE40228BD544B00DF5DED /* Release */,
			);
			defaultConfigurationIsVisible = 0;
			defaultConfigurationName = Release;
		};
		4E8DE40328BD544B00DF5DED /* Build configuration list for PBXNativeTarget "TopWordsTests" */ = {
			isa = XCConfigurationList;
			buildConfigurations = (
				4E8DE40428BD544B00DF5DED /* Debug */,
				4E8DE40528BD544B00DF5DED /* Release */,
			);
			defaultConfigurationIsVisible = 0;
			defaultConfigurationName = Release;
		};
		4E8DE40628BD544B00DF5DED /* Build configuration list for PBXNativeTarget "TopWordsUITests" */ = {
			isa = XCConfigurationList;
			buildConfigurations = (
				4E8DE40728BD544B00DF5DED /* Debug */,
				4E8DE40828BD544B00DF5DED /* Release */,
			);
			defaultConfigurationIsVisible = 0;
			defaultConfigurationName = Release;
		};
/* End XCConfigurationList section */

/* Begin XCVersionGroup section */
		4E6A618628CAB30C000FFA6A /* Model.xcdatamodeld */ = {
			isa = XCVersionGroup;
			children = (
				4E6A618728CAB30C000FFA6A /* Model.xcdatamodel */,
			);
			currentVersion = 4E6A618728CAB30C000FFA6A /* Model.xcdatamodel */;
			path = Model.xcdatamodeld;
			sourceTree = "<group>";
			versionGroupType = wrapper.xcdatamodel;
		};
/* End XCVersionGroup section */
	};
	rootObject = 4E8DE3CB28BD544300DF5DED /* Project object */;
}
